
Microsoft Visual Studio Solution File, Format Version 12.00
# Visual Studio Version 17
VisualStudioVersion = 17.5.33424.131
MinimumVisualStudioVersion = 10.0.40219.1
Project("{FAE04EC0-301F-11D3-BF4B-00C04F79EFBC}") = "lab7", "lab7\lab7.csproj", "{09D127BB-C470-47F3-8057-5D5BAB87380A}"
EndProject
Global
	GlobalSection(SolutionConfigurationPlatforms) = preSolution
		Debug|Any CPU = Debug|Any CPU
		Release|Any CPU = Release|Any CPU
	EndGlobalSection
	GlobalSection(ProjectConfigurationPlatforms) = postSolution
		{09D127BB-C470-47F3-8057-5D5BAB87380A}.Debug|Any CPU.ActiveCfg = Debug|Any CPU
		{09D127BB-C470-47F3-8057-5D5BAB87380A}.Debug|Any CPU.Build.0 = Debug|Any CPU
		{09D127BB-C470-47F3-8057-5D5BAB87380A}.Release|Any CPU.ActiveCfg = Release|Any CPU
		{09D127BB-C470-47F3-8057-5D5BAB87380A}.Release|Any CPU.Build.0 = Release|Any CPU
	EndGlobalSection
	GlobalSection(SolutionProperties) = preSolution
		HideSolutionNode = FALSE
	EndGlobalSection
	GlobalSection(ExtensibilityGlobals) = postSolution
		SolutionGuid = {103933CA-4C03-4ACA-BE7E-039732901935}
	EndGlobalSection
EndGlobal
